Microsoft Visual Studio Solution File, Format Version 8.00
Project("{F184B08F-C81C-45F6-A57F-5ABD9991F28F}") = "pulldownmenu", "pulldownmenu.vbproj", "{60C53ACB-78D9-4A4C-8687-4B967719B15A}"
	ProjectSection(ProjectDependencies) = postProject
	EndProjectSection
EndProject
Global
	GlobalSection(SolutionConfiguration) = preSolution
		Debug = Debug
		Release = Release
	EndGlobalSection
	GlobalSection(ProjectConfiguration) = postSolution
		{60C53ACB-78D9-4A4C-8687-4B967719B15A}.Debug.ActiveCfg = Debug|.NET
		{60C53ACB-78D9-4A4C-8687-4B967719B15A}.Debug.Build.0 = Debug|.NET
		{60C53ACB-78D9-4A4C-8687-4B967719B15A}.Release.ActiveCfg = Release|.NET
		{60C53ACB-78D9-4A4C-8687-4B967719B15A}.Release.Build.0 = Release|.NET
	EndGlobalSection
	GlobalSection(ExtensibilityGlobals) = postSolution
	EndGlobalSection
	GlobalSection(ExtensibilityAddIns) = postSolution
	EndGlobalSection
EndGlobal
