Microsoft Visual Studio Solution File, Format Version 8.00
Project("{F184B08F-C81C-45F6-A57F-5ABD9991F28F}") = "relational operators", "relational operators.vbproj", "{1C068614-6B8F-4F73-A3AF-FCC913C03B51}"
	ProjectSection(ProjectDependencies) = postProject
	EndProjectSection
EndProject
Global
	GlobalSection(SolutionConfiguration) = preSolution
		Debug = Debug
		Release = Release
	EndGlobalSection
	GlobalSection(ProjectConfiguration) = postSolution
		{1C068614-6B8F-4F73-A3AF-FCC913C03B51}.Debug.ActiveCfg = Debug|.NET
		{1C068614-6B8F-4F73-A3AF-FCC913C03B51}.Debug.Build.0 = Debug|.NET
		{1C068614-6B8F-4F73-A3AF-FCC913C03B51}.Release.ActiveCfg = Release|.NET
		{1C068614-6B8F-4F73-A3AF-FCC913C03B51}.Release.Build.0 = Release|.NET
	EndGlobalSection
	GlobalSection(ExtensibilityGlobals) = postSolution
	EndGlobalSection
	GlobalSection(ExtensibilityAddIns) = postSolution
	EndGlobalSection
EndGlobal
