Microsoft Visual Studio Solution File, Format Version 8.00
Project("{F184B08F-C81C-45F6-A57F-5ABD9991F28F}") = "WindowsApplication4", "WindowsApplication4.vbproj", "{110D97F3-74B5-4C93-938D-1F7689E666F7}"
	ProjectSection(ProjectDependencies) = postProject
	EndProjectSection
EndProject
Global
	GlobalSection(SolutionConfiguration) = preSolution
		Debug = Debug
		Release = Release
	EndGlobalSection
	GlobalSection(ProjectConfiguration) = postSolution
		{110D97F3-74B5-4C93-938D-1F7689E666F7}.Debug.ActiveCfg = Debug|.NET
		{110D97F3-74B5-4C93-938D-1F7689E666F7}.Debug.Build.0 = Debug|.NET
		{110D97F3-74B5-4C93-938D-1F7689E666F7}.Release.ActiveCfg = Release|.NET
		{110D97F3-74B5-4C93-938D-1F7689E666F7}.Release.Build.0 = Release|.NET
	EndGlobalSection
	GlobalSection(ExtensibilityGlobals) = postSolution
	EndGlobalSection
	GlobalSection(ExtensibilityAddIns) = postSolution
	EndGlobalSection
EndGlobal
